{
  "version": "5",
  "specifiers": {
    "jsr:@edjopato/array-filter-unique@3": "3.1.0"
  },
  "jsr": {
    "@edjopato/array-filter-unique@3.1.0": {
      "integrity": "7baa8bde2b531734a14fa33302e8cabf8740d21f1824911b66a96371317078b6"
    }
  },
  "remote": {
    "https://esm.sh/wikibase-sdk@9.2.4": "c4eaad9bc9a325e61a5590751ebbb6430ef70a4a86718bca4be244272ab8a3ee",
    "https://esm.sh/wikibase-sdk@9.2.4/denonext/dist/src/helpers/helpers.mjs": "e515030cea1fd13b9f9df8c9007798f1cedc37ef6ae23662f923e16ffc9e258e",
    "https://esm.sh/wikibase-sdk@9.2.4/denonext/dist/src/helpers/parse_responses.mjs": "fb7a246a1a63a9efce3c37fc26a131d32f9ba5f0c0f382e38d8a73c626749737",
    "https://esm.sh/wikibase-sdk@9.2.4/denonext/dist/src/helpers/rank.mjs": "f0e48dd8debdde8e7aa92ba29c47cba355af586882b4b465fdc4092d42ea2b1a",
    "https://esm.sh/wikibase-sdk@9.2.4/denonext/dist/src/helpers/simplify.mjs": "298e1ae442d4620717a3c8487aad5b3d1107f5e003b337870def731c11f1980e",
    "https://esm.sh/wikibase-sdk@9.2.4/denonext/dist/src/helpers/simplify_claims.mjs": "f46f2cb1740ca12f10942db4546c4955b2ca1540e828ef1b82c94b9fb81a957e",
    "https://esm.sh/wikibase-sdk@9.2.4/denonext/dist/src/helpers/simplify_entity.mjs": "94fc691a42cf7d1064d6086ccedc06d26b7347a87f0cf01fe23c6dfc219ec0c8",
    "https://esm.sh/wikibase-sdk@9.2.4/denonext/dist/src/helpers/simplify_forms.mjs": "b62f9db51762739fefc93564b2a4a4f07a4aa649d5df3e7022bc2b5e1f860268",
    "https://esm.sh/wikibase-sdk@9.2.4/denonext/dist/src/helpers/simplify_senses.mjs": "6a5e2064a2d09df19151b65c7379c6292048970cd1d3f2057dce6005c30d9c61",
    "https://esm.sh/wikibase-sdk@9.2.4/denonext/dist/src/helpers/simplify_sitelinks.mjs": "39f84d762b14feaed0d9a3bcf4dae8a87b15beb003509dcf6d57e7e5d993d25a",
    "https://esm.sh/wikibase-sdk@9.2.4/denonext/dist/src/helpers/simplify_sparql_results.mjs": "1cd586692e9b7c0c9438cbcddc8c348e74cb4428c4e389fbf5cbcda363501bf2",
    "https://esm.sh/wikibase-sdk@9.2.4/denonext/dist/src/helpers/simplify_text_attributes.mjs": "d1b965bb888502a93f3d439ebfb7597df8f999c31180799c14302276b4c80f5b",
    "https://esm.sh/wikibase-sdk@9.2.4/denonext/dist/src/helpers/sitelinks.mjs": "2a95daf66da644667dd78b3fc38157664b53812cea8712d23fb9832592445873",
    "https://esm.sh/wikibase-sdk@9.2.4/denonext/dist/src/helpers/time.mjs": "4377b7d9c46649b8f1802538a8ee7ee6e4900daeac624a2671c20f9c30e35cb0",
    "https://esm.sh/wikibase-sdk@9.2.4/denonext/dist/src/helpers/validate.mjs": "357507b77141574edcfe23f10c3d340809e1447aa53f2d16eda041caad6b9606",
    "https://esm.sh/wikibase-sdk@9.2.4/denonext/dist/src/helpers/wikimedia_constants.mjs": "06b36a0c7eb23bf176d1f56fc7f2c82201a41aba8b7af2f15f555d7b84e585c1",
    "https://esm.sh/wikibase-sdk@9.2.4/denonext/dist/src/types/entity.mjs": "027d55d55a541a7c05f6720e9a45b449afa895fff935cc3d7a9f095d68d35d9f",
    "https://esm.sh/wikibase-sdk@9.2.4/denonext/dist/src/utils/utils.mjs": "4b5efede539a87cd7e11c1c7bc23c6b4760fbf532264b7d6cfccfa63dabc63af",
    "https://esm.sh/wikibase-sdk@9.2.4/denonext/dist/src/wikibase-sdk.mjs": "50ede013b9f46ddb643867f86a23936544cf70777953295a8910647a6e90449c",
    "https://esm.sh/wikibase-sdk@9.2.4/denonext/wikibase-sdk.mjs": "80127cea8c1a975f5ec0bf3ffd686a4ccb31b85eda787faaa738b7b89a6038f7"
  },
  "workspace": {
    "dependencies": [
      "jsr:@edjopato/array-filter-unique@3"
    ]
  }
}
